
Microsoft Visual Studio Solution File, Format Version 12.00
# Visual Studio Version 16
VisualStudioVersion = 16.0.29728.190
MinimumVisualStudioVersion = 10.0.40219.1
Project("{FAE04EC0-301F-11D3-BF4B-00C04F79EFBC}") = "Server", "Server\Server.csproj", "{30BB2455-62A6-424C-905A-4B414F319EE2}"
EndProject
Project("{FAE04EC0-301F-11D3-BF4B-00C04F79EFBC}") = "ChatClient", "ChatClient\ChatClient.csproj", "{0C6A8F82-6F56-4838-AAC1-B17F3AC61353}"
EndProject
Global
	GlobalSection(SolutionConfigurationPlatforms) = preSolution
		Debug|Any CPU = Debug|Any CPU
		Release|Any CPU = Release|Any CPU
	EndGlobalSection
	GlobalSection(ProjectConfigurationPlatforms) = postSolution
		{30BB2455-62A6-424C-905A-4B414F319EE2}.Debug|Any CPU.ActiveCfg = Debug|Any CPU
		{30BB2455-62A6-424C-905A-4B414F319EE2}.Debug|Any CPU.Build.0 = Debug|Any CPU
		{30BB2455-62A6-424C-905A-4B414F319EE2}.Release|Any CPU.ActiveCfg = Release|Any CPU
		{30BB2455-62A6-424C-905A-4B414F319EE2}.Release|Any CPU.Build.0 = Release|Any CPU
		{0C6A8F82-6F56-4838-AAC1-B17F3AC61353}.Debug|Any CPU.ActiveCfg = Debug|Any CPU
		{0C6A8F82-6F56-4838-AAC1-B17F3AC61353}.Debug|Any CPU.Build.0 = Debug|Any CPU
		{0C6A8F82-6F56-4838-AAC1-B17F3AC61353}.Release|Any CPU.ActiveCfg = Release|Any CPU
		{0C6A8F82-6F56-4838-AAC1-B17F3AC61353}.Release|Any CPU.Build.0 = Release|Any CPU
	EndGlobalSection
	GlobalSection(SolutionProperties) = preSolution
		HideSolutionNode = FALSE
	EndGlobalSection
	GlobalSection(ExtensibilityGlobals) = postSolution
		SolutionGuid = {BBA641D4-186B-45BA-9579-1E50639E7324}
	EndGlobalSection
EndGlobal
